
Microsoft Visual Studio Solution File, Format Version 12.00
# Visual Studio Version 17
VisualStudioVersion = 17.4.33205.214
MinimumVisualStudioVersion = 10.0.40219.1
Project("{FAE04EC0-301F-11D3-BF4B-00C04F79EFBC}") = "GetItRight", "GetItRight.csproj", "{ECF52B56-6870-42CE-A29A-1A67FFDE6051}"
EndProject
Global
	GlobalSection(SolutionConfigurationPlatforms) = preSolution
		Debug|Any CPU = Debug|Any CPU
		Release|Any CPU = Release|Any CPU
	EndGlobalSection
	GlobalSection(ProjectConfigurationPlatforms) = postSolution
		{ECF52B56-6870-42CE-A29A-1A67FFDE6051}.Debug|Any CPU.ActiveCfg = Debug|Any CPU
		{ECF52B56-6870-42CE-A29A-1A67FFDE6051}.Debug|Any CPU.Build.0 = Debug|Any CPU
		{ECF52B56-6870-42CE-A29A-1A67FFDE6051}.Release|Any CPU.ActiveCfg = Release|Any CPU
		{ECF52B56-6870-42CE-A29A-1A67FFDE6051}.Release|Any CPU.Build.0 = Release|Any CPU
	EndGlobalSection
	GlobalSection(SolutionProperties) = preSolution
		HideSolutionNode = FALSE
	EndGlobalSection
	GlobalSection(ExtensibilityGlobals) = postSolution
		SolutionGuid = {955B50BE-1335-411D-92D1-32988BB1F433}
	EndGlobalSection
EndGlobal
